
Microsoft Visual Studio Solution File, Format Version 12.00
# Visual Studio Version 16
VisualStudioVersion = 16.0.29418.71
MinimumVisualStudioVersion = 10.0.40219.1
Project("{FAE04EC0-301F-11D3-BF4B-00C04F79EFBC}") = "BitShift.Plugin.Payments.FirstData", "BitShift.Plugin.Payments.FirstData.csproj", "{3429707C-F4B4-4B31-82B7-9C2ED377B2D9}"
EndProject
Global
	GlobalSection(SolutionConfigurationPlatforms) = preSolution
		Debug|Any CPU = Debug|Any CPU
		Release|Any CPU = Release|Any CPU
	EndGlobalSection
	GlobalSection(ProjectConfigurationPlatforms) = postSolution
		{3429707C-F4B4-4B31-82B7-9C2ED377B2D9}.Debug|Any CPU.ActiveCfg = Debug|Any CPU
		{3429707C-F4B4-4B31-82B7-9C2ED377B2D9}.Debug|Any CPU.Build.0 = Debug|Any CPU
		{3429707C-F4B4-4B31-82B7-9C2ED377B2D9}.Release|Any CPU.ActiveCfg = Release|Any CPU
		{3429707C-F4B4-4B31-82B7-9C2ED377B2D9}.Release|Any CPU.Build.0 = Release|Any CPU
	EndGlobalSection
	GlobalSection(SolutionProperties) = preSolution
		HideSolutionNode = FALSE
	EndGlobalSection
	GlobalSection(ExtensibilityGlobals) = postSolution
		SolutionGuid = {068DE765-A3A0-4741-8EF8-04CE823FDEFE}
	EndGlobalSection
EndGlobal
